// !$*UTF8*$!
{
	archiveVersion = 1;
	classes = {
	};
	objectVersion = 56;
	objects = {

/* Begin PBXBuildFile section */
		BD1735882BCEC61500ABF49F /* FeaturedPlaylistCellViewModel.swift in Sources */ = {isa = PBXBuildFile; fileRef = BD1735872BCEC61500ABF49F /* FeaturedPlaylistCellViewModel.swift */; };
		BD17358A2BCEC97700ABF49F /* RecommendedTrackCellViewModel.swift in Sources */ = {isa = PBXBuildFile; fileRef = BD1735892BCEC97700ABF49F /* RecommendedTrackCellViewModel.swift */; };
		BD17358C2BD10E2100ABF49F /* AlbumViewController.swift in Sources */ = {isa = PBXBuildFile; fileRef = BD17358B2BD10E2100ABF49F /* AlbumViewController.swift */; };
		BD17358E2BD25D7800ABF49F /* AlbumDetailsResponse.swift in Sources */ = {isa = PBXBuildFile; fileRef = BD17358D2BD25D7800ABF49F /* AlbumDetailsResponse.swift */; };
		BD1735902BD264E000ABF49F /* PlaylistdetailsResponse.swift in Sources */ = {isa = PBXBuildFile; fileRef = BD17358F2BD264E000ABF49F /* PlaylistdetailsResponse.swift */; };
		BD1735922BD415F400ABF49F /* PlaylistHeaderCollectionReusableView.swift in Sources */ = {isa = PBXBuildFile; fileRef = BD1735912BD415F400ABF49F /* PlaylistHeaderCollectionReusableView.swift */; };
		BD1735942BD41A6F00ABF49F /* PlaylistHeaderViewViewModel.swift in Sources */ = {isa = PBXBuildFile; fileRef = BD1735932BD41A6F00ABF49F /* PlaylistHeaderViewViewModel.swift */; };
		BD1735962BD793C600ABF49F /* TitleHeaderCollectionReusableView.swift in Sources */ = {isa = PBXBuildFile; fileRef = BD1735952BD793C600ABF49F /* TitleHeaderCollectionReusableView.swift */; };
		BD1735982BD8B3C400ABF49F /* AlbumTrackCollectionViewCell.swift in Sources */ = {isa = PBXBuildFile; fileRef = BD1735972BD8B3C400ABF49F /* AlbumTrackCollectionViewCell.swift */; };
		BD17359A2BD8B4FD00ABF49F /* AlbumCollectionViewCellViewModel.swift in Sources */ = {isa = PBXBuildFile; fileRef = BD1735992BD8B4FD00ABF49F /* AlbumCollectionViewCellViewModel.swift */; };
		BD2EF51B2BB86D2100C1D53B /* SearchViewController.swift in Sources */ = {isa = PBXBuildFile; fileRef = BD2EF51A2BB86D2100C1D53B /* SearchViewController.swift */; };
		BD2EF51D2BB86D4500C1D53B /* LibraryViewController.swift in Sources */ = {isa = PBXBuildFile; fileRef = BD2EF51C2BB86D4500C1D53B /* LibraryViewController.swift */; };
		BD2EF5222BB86D8700C1D53B /* AuthViewController.swift in Sources */ = {isa = PBXBuildFile; fileRef = BD2EF5212BB86D8700C1D53B /* AuthViewController.swift */; };
		BD2EF5242BB86D9500C1D53B /* WelcomeViewController.swift in Sources */ = {isa = PBXBuildFile; fileRef = BD2EF5232BB86D9500C1D53B /* WelcomeViewController.swift */; };
		BD2EF5262BB86D9F00C1D53B /* SettingViewController.swift in Sources */ = {isa = PBXBuildFile; fileRef = BD2EF5252BB86D9F00C1D53B /* SettingViewController.swift */; };
		BD2EF5282BB86DAA00C1D53B /* ProfileViewController.swift in Sources */ = {isa = PBXBuildFile; fileRef = BD2EF5272BB86DAA00C1D53B /* ProfileViewController.swift */; };
		BD2EF52A2BB86DC100C1D53B /* PlayerViewController.swift in Sources */ = {isa = PBXBuildFile; fileRef = BD2EF5292BB86DC100C1D53B /* PlayerViewController.swift */; };
		BD2EF52C2BB86DD400C1D53B /* PlaylistViewController.swift in Sources */ = {isa = PBXBuildFile; fileRef = BD2EF52B2BB86DD400C1D53B /* PlaylistViewController.swift */; };
		BD2EF52E2BB86DE000C1D53B /* SearchResultsViewController.swift in Sources */ = {isa = PBXBuildFile; fileRef = BD2EF52D2BB86DE000C1D53B /* SearchResultsViewController.swift */; };
		BD2EF5302BB86DF000C1D53B /* AuthManager.swift in Sources */ = {isa = PBXBuildFile; fileRef = BD2EF52F2BB86DF000C1D53B /* AuthManager.swift */; };
		BD2EF5322BB86E0200C1D53B /* APICaller.swift in Sources */ = {isa = PBXBuildFile; fileRef = BD2EF5312BB86E0200C1D53B /* APICaller.swift */; };
		BD2EF5342BB86E1200C1D53B /* HapitcsManager.swift in Sources */ = {isa = PBXBuildFile; fileRef = BD2EF5332BB86E1200C1D53B /* HapitcsManager.swift */; };
		BD2EF5362BB86E2700C1D53B /* Playlist.swift in Sources */ = {isa = PBXBuildFile; fileRef = BD2EF5352BB86E2700C1D53B /* Playlist.swift */; };
		BD2EF5382BB86E3500C1D53B /* AudioTrack.swift in Sources */ = {isa = PBXBuildFile; fileRef = BD2EF5372BB86E3500C1D53B /* AudioTrack.swift */; };
		BD2EF53A2BB86E3E00C1D53B /* Artist.swift in Sources */ = {isa = PBXBuildFile; fileRef = BD2EF5392BB86E3E00C1D53B /* Artist.swift */; };
		BD2EF53C2BB86E4B00C1D53B /* UserProfile.swift in Sources */ = {isa = PBXBuildFile; fileRef = BD2EF53B2BB86E4B00C1D53B /* UserProfile.swift */; };
		BD2EF53E2BB86EE600C1D53B /* TabBarViewController.swift in Sources */ = {isa = PBXBuildFile; fileRef = BD2EF53D2BB86EE600C1D53B /* TabBarViewController.swift */; };
		BD2EF5402BB9BF5200C1D53B /* Extensions.swift in Sources */ = {isa = PBXBuildFile; fileRef = BD2EF53F2BB9BF5200C1D53B /* Extensions.swift */; };
		BD42D8152BBEA45300167410 /* FirebaseAnalytics in Frameworks */ = {isa = PBXBuildFile; productRef = BD42D8142BBEA45300167410 /* FirebaseAnalytics */; };
		BD42D8172BBEA45300167410 /* FirebaseAnalyticsOnDeviceConversion in Frameworks */ = {isa = PBXBuildFile; productRef = BD42D8162BBEA45300167410 /* FirebaseAnalyticsOnDeviceConversion */; };
		BD42D8192BBEA45300167410 /* FirebaseAnalyticsSwift in Frameworks */ = {isa = PBXBuildFile; productRef = BD42D8182BBEA45300167410 /* FirebaseAnalyticsSwift */; };
		BD42D81B2BBEA45300167410 /* FirebaseAnalyticsWithoutAdIdSupport in Frameworks */ = {isa = PBXBuildFile; productRef = BD42D81A2BBEA45300167410 /* FirebaseAnalyticsWithoutAdIdSupport */; };
		BD42D81D2BBEA45300167410 /* FirebaseAppCheck in Frameworks */ = {isa = PBXBuildFile; productRef = BD42D81C2BBEA45300167410 /* FirebaseAppCheck */; };
		BD42D81F2BBEA45300167410 /* FirebaseAppDistribution-Beta in Frameworks */ = {isa = PBXBuildFile; productRef = BD42D81E2BBEA45300167410 /* FirebaseAppDistribution-Beta */; };
		BD42D8212BBEA45300167410 /* FirebaseAuth in Frameworks */ = {isa = PBXBuildFile; productRef = BD42D8202BBEA45300167410 /* FirebaseAuth */; };
		BD42D8232BBEA45300167410 /* FirebaseAuthCombine-Community in Frameworks */ = {isa = PBXBuildFile; productRef = BD42D8222BBEA45300167410 /* FirebaseAuthCombine-Community */; };
		BD42D8252BBEA45300167410 /* FirebaseCrashlytics in Frameworks */ = {isa = PBXBuildFile; productRef = BD42D8242BBEA45300167410 /* FirebaseCrashlytics */; };
		BD42D8272BBEA45300167410 /* FirebaseDatabase in Frameworks */ = {isa = PBXBuildFile; productRef = BD42D8262BBEA45300167410 /* FirebaseDatabase */; };
		BD42D8292BBEA45300167410 /* FirebaseDatabaseSwift in Frameworks */ = {isa = PBXBuildFile; productRef = BD42D8282BBEA45300167410 /* FirebaseDatabaseSwift */; };
		BD42D82B2BBEA45300167410 /* FirebaseDynamicLinks in Frameworks */ = {isa = PBXBuildFile; productRef = BD42D82A2BBEA45300167410 /* FirebaseDynamicLinks */; };
		BD42D82D2BBEA45300167410 /* FirebaseFirestore in Frameworks */ = {isa = PBXBuildFile; productRef = BD42D82C2BBEA45300167410 /* FirebaseFirestore */; };
		BD42D82F2BBEA45300167410 /* FirebaseFirestoreCombine-Community in Frameworks */ = {isa = PBXBuildFile; productRef = BD42D82E2BBEA45300167410 /* FirebaseFirestoreCombine-Community */; };
		BD42D8312BBEA45300167410 /* FirebaseFirestoreSwift in Frameworks */ = {isa = PBXBuildFile; productRef = BD42D8302BBEA45300167410 /* FirebaseFirestoreSwift */; };
		BD42D8332BBEA45300167410 /* FirebaseFunctions in Frameworks */ = {isa = PBXBuildFile; productRef = BD42D8322BBEA45300167410 /* FirebaseFunctions */; };
		BD42D8352BBEA45300167410 /* FirebaseFunctionsCombine-Community in Frameworks */ = {isa = PBXBuildFile; productRef = BD42D8342BBEA45300167410 /* FirebaseFunctionsCombine-Community */; };
		BD42D8372BBEA45300167410 /* FirebaseInAppMessaging-Beta in Frameworks */ = {isa = PBXBuildFile; productRef = BD42D8362BBEA45300167410 /* FirebaseInAppMessaging-Beta */; };
		BD42D8392BBEA45300167410 /* FirebaseInAppMessagingSwift-Beta in Frameworks */ = {isa = PBXBuildFile; productRef = BD42D8382BBEA45300167410 /* FirebaseInAppMessagingSwift-Beta */; };
		BD42D83B2BBEA45300167410 /* FirebaseInstallations in Frameworks */ = {isa = PBXBuildFile; productRef = BD42D83A2BBEA45300167410 /* FirebaseInstallations */; };
		BD42D83D2BBEA45300167410 /* FirebaseMLModelDownloader in Frameworks */ = {isa = PBXBuildFile; productRef = BD42D83C2BBEA45300167410 /* FirebaseMLModelDownloader */; };
		BD42D83F2BBEA45300167410 /* FirebaseMessaging in Frameworks */ = {isa = PBXBuildFile; productRef = BD42D83E2BBEA45300167410 /* FirebaseMessaging */; };
		BD42D8412BBEA45300167410 /* FirebasePerformance in Frameworks */ = {isa = PBXBuildFile; productRef = BD42D8402BBEA45300167410 /* FirebasePerformance */; };
		BD42D8432BBEA45300167410 /* FirebaseRemoteConfig in Frameworks */ = {isa = PBXBuildFile; productRef = BD42D8422BBEA45300167410 /* FirebaseRemoteConfig */; };
		BD42D8452BBEA45300167410 /* FirebaseRemoteConfigSwift in Frameworks */ = {isa = PBXBuildFile; productRef = BD42D8442BBEA45300167410 /* FirebaseRemoteConfigSwift */; };
		BD42D8472BBEA45300167410 /* FirebaseStorage in Frameworks */ = {isa = PBXBuildFile; productRef = BD42D8462BBEA45300167410 /* FirebaseStorage */; };
		BD42D8492BBEA45300167410 /* FirebaseStorageCombine-Community in Frameworks */ = {isa = PBXBuildFile; productRef = BD42D8482BBEA45300167410 /* FirebaseStorageCombine-Community */; };
		BD42D84C2BBEA49900167410 /* SDWebImage in Frameworks */ = {isa = PBXBuildFile; productRef = BD42D84B2BBEA49900167410 /* SDWebImage */; };
		BD42D84E2BBEA49900167410 /* SDWebImageMapKit in Frameworks */ = {isa = PBXBuildFile; productRef = BD42D84D2BBEA49900167410 /* SDWebImageMapKit */; };
		BD42D8502BC3FC8100167410 /* NewReleasesResponse.swift in Sources */ = {isa = PBXBuildFile; fileRef = BD42D84F2BC3FC8100167410 /* NewReleasesResponse.swift */; };
		BD42D8522BC3FE2300167410 /* APIImage.swift in Sources */ = {isa = PBXBuildFile; fileRef = BD42D8512BC3FE2300167410 /* APIImage.swift */; };
		BD42D8542BC52D8600167410 /* FeaturedPlaylistsResponse.swift in Sources */ = {isa = PBXBuildFile; fileRef = BD42D8532BC52D8600167410 /* FeaturedPlaylistsResponse.swift */; };
		BD42D8562BC5412E00167410 /* RecommendedGenresResponse.swift in Sources */ = {isa = PBXBuildFile; fileRef = BD42D8552BC5412E00167410 /* RecommendedGenresResponse.swift */; };
		BD42D8582BC63CE200167410 /* RecommendationResponse.swift in Sources */ = {isa = PBXBuildFile; fileRef = BD42D8572BC63CE200167410 /* RecommendationResponse.swift */; };
		BD42D85B2BCAE0F800167410 /* NewReleaseCollectionViewCell.swift in Sources */ = {isa = PBXBuildFile; fileRef = BD42D85A2BCAE0F800167410 /* NewReleaseCollectionViewCell.swift */; };
		BD42D85D2BCAE11400167410 /* FeaturedPlaylistCollectionViewCell.swift in Sources */ = {isa = PBXBuildFile; fileRef = BD42D85C2BCAE11400167410 /* FeaturedPlaylistCollectionViewCell.swift */; };
		BD42D85F2BCAE12300167410 /* RecommendedTrackCollectionViewCell.swift in Sources */ = {isa = PBXBuildFile; fileRef = BD42D85E2BCAE12300167410 /* RecommendedTrackCollectionViewCell.swift */; };
		BD42D8612BCC276A00167410 /* NewReleasesCellViewModel.swift in Sources */ = {isa = PBXBuildFile; fileRef = BD42D8602BCC276A00167410 /* NewReleasesCellViewModel.swift */; };
		BD487E772BBABAC90064D8A3 /* AuthResponse.swift in Sources */ = {isa = PBXBuildFile; fileRef = BD487E762BBABAC90064D8A3 /* AuthResponse.swift */; };
		BD487E792BBE95D60064D8A3 /* SettingsModels.swift in Sources */ = {isa = PBXBuildFile; fileRef = BD487E782BBE95D60064D8A3 /* SettingsModels.swift */; };
		BD61BE552BB7291300176A40 /* AppDelegate.swift in Sources */ = {isa = PBXBuildFile; fileRef = BD61BE542BB7291300176A40 /* AppDelegate.swift */; };
		BD61BE572BB7291300176A40 /* SceneDelegate.swift in Sources */ = {isa = PBXBuildFile; fileRef = BD61BE562BB7291300176A40 /* SceneDelegate.swift */; };
		BD61BE592BB7291300176A40 /* HomeViewController.swift in Sources */ = {isa = PBXBuildFile; fileRef = BD61BE582BB7291300176A40 /* HomeViewController.swift */; };
		BD61BE5E2BB7291700176A40 /* Assets.xcassets in Resources */ = {isa = PBXBuildFile; fileRef = BD61BE5D2BB7291700176A40 /* Assets.xcassets */; };
		BD61BE612BB7291700176A40 /* LaunchScreen.storyboard in Resources */ = {isa = PBXBuildFile; fileRef = BD61BE5F2BB7291700176A40 /* LaunchScreen.storyboard */; };
/* End PBXBuildFile section */

/* Begin PBXFileReference section */
		BD1735872BCEC61500ABF49F /* FeaturedPlaylistCellViewModel.swift */ = {isa = PBXFileReference; lastKnownFileType = sourcecode.swift; path = FeaturedPlaylistCellViewModel.swift; sourceTree = "<group>"; };
		BD1735892BCEC97700ABF49F /* RecommendedTrackCellViewModel.swift */ = {isa = PBXFileReference; lastKnownFileType = sourcecode.swift; path = RecommendedTrackCellViewModel.swift; sourceTree = "<group>"; };
		BD17358B2BD10E2100ABF49F /* AlbumViewController.swift */ = {isa = PBXFileReference; lastKnownFileType = sourcecode.swift; path = AlbumViewController.swift; sourceTree = "<group>"; };
		BD17358D2BD25D7800ABF49F /* AlbumDetailsResponse.swift */ = {isa = PBXFileReference; lastKnownFileType = sourcecode.swift; path = AlbumDetailsResponse.swift; sourceTree = "<group>"; };
		BD17358F2BD264E000ABF49F /* PlaylistdetailsResponse.swift */ = {isa = PBXFileReference; lastKnownFileType = sourcecode.swift; path = PlaylistdetailsResponse.swift; sourceTree = "<group>"; };
		BD1735912BD415F400ABF49F /* PlaylistHeaderCollectionReusableView.swift */ = {isa = PBXFileReference; lastKnownFileType = sourcecode.swift; path = PlaylistHeaderCollectionReusableView.swift; sourceTree = "<group>"; };
		BD1735932BD41A6F00ABF49F /* PlaylistHeaderViewViewModel.swift */ = {isa = PBXFileReference; lastKnownFileType = sourcecode.swift; path = PlaylistHeaderViewViewModel.swift; sourceTree = "<group>"; };
		BD1735952BD793C600ABF49F /* TitleHeaderCollectionReusableView.swift */ = {isa = PBXFileReference; lastKnownFileType = sourcecode.swift; path = TitleHeaderCollectionReusableView.swift; sourceTree = "<group>"; };
		BD1735972BD8B3C400ABF49F /* AlbumTrackCollectionViewCell.swift */ = {isa = PBXFileReference; lastKnownFileType = sourcecode.swift; path = AlbumTrackCollectionViewCell.swift; sourceTree = "<group>"; };
		BD1735992BD8B4FD00ABF49F /* AlbumCollectionViewCellViewModel.swift */ = {isa = PBXFileReference; lastKnownFileType = sourcecode.swift; path = AlbumCollectionViewCellViewModel.swift; sourceTree = "<group>"; };
		BD2EF51A2BB86D2100C1D53B /* SearchViewController.swift */ = {isa = PBXFileReference; lastKnownFileType = sourcecode.swift; path = SearchViewController.swift; sourceTree = "<group>"; };
		BD2EF51C2BB86D4500C1D53B /* LibraryViewController.swift */ = {isa = PBXFileReference; lastKnownFileType = sourcecode.swift; path = LibraryViewController.swift; sourceTree = "<group>"; };
		BD2EF5212BB86D8700C1D53B /* AuthViewController.swift */ = {isa = PBXFileReference; lastKnownFileType = sourcecode.swift; path = AuthViewController.swift; sourceTree = "<group>"; };
		BD2EF5232BB86D9500C1D53B /* WelcomeViewController.swift */ = {isa = PBXFileReference; lastKnownFileType = sourcecode.swift; path = WelcomeViewController.swift; sourceTree = "<group>"; };
		BD2EF5252BB86D9F00C1D53B /* SettingViewController.swift */ = {isa = PBXFileReference; lastKnownFileType = sourcecode.swift; path = SettingViewController.swift; sourceTree = "<group>"; };
		BD2EF5272BB86DAA00C1D53B /* ProfileViewController.swift */ = {isa = PBXFileReference; lastKnownFileType = sourcecode.swift; path = ProfileViewController.swift; sourceTree = "<group>"; };
		BD2EF5292BB86DC100C1D53B /* PlayerViewController.swift */ = {isa = PBXFileReference; lastKnownFileType = sourcecode.swift; path = PlayerViewController.swift; sourceTree = "<group>"; };
		BD2EF52B2BB86DD400C1D53B /* PlaylistViewController.swift */ = {isa = PBXFileReference; lastKnownFileType = sourcecode.swift; path = PlaylistViewController.swift; sourceTree = "<group>"; };
		BD2EF52D2BB86DE000C1D53B /* SearchResultsViewController.swift */ = {isa = PBXFileReference; lastKnownFileType = sourcecode.swift; path = SearchResultsViewController.swift; sourceTree = "<group>"; };
		BD2EF52F2BB86DF000C1D53B /* AuthManager.swift */ = {isa = PBXFileReference; lastKnownFileType = sourcecode.swift; path = AuthManager.swift; sourceTree = "<group>"; };
		BD2EF5312BB86E0200C1D53B /* APICaller.swift */ = {isa = PBXFileReference; lastKnownFileType = sourcecode.swift; path = APICaller.swift; sourceTree = "<group>"; };
		BD2EF5332BB86E1200C1D53B /* HapitcsManager.swift */ = {isa = PBXFileReference; lastKnownFileType = sourcecode.swift; path = HapitcsManager.swift; sourceTree = "<group>"; };
		BD2EF5352BB86E2700C1D53B /* Playlist.swift */ = {isa = PBXFileReference; lastKnownFileType = sourcecode.swift; path = Playlist.swift; sourceTree = "<group>"; };
		BD2EF5372BB86E3500C1D53B /* AudioTrack.swift */ = {isa = PBXFileReference; lastKnownFileType = sourcecode.swift; path = AudioTrack.swift; sourceTree = "<group>"; };
		BD2EF5392BB86E3E00C1D53B /* Artist.swift */ = {isa = PBXFileReference; lastKnownFileType = sourcecode.swift; path = Artist.swift; sourceTree = "<group>"; };
		BD2EF53B2BB86E4B00C1D53B /* UserProfile.swift */ = {isa = PBXFileReference; lastKnownFileType = sourcecode.swift; path = UserProfile.swift; sourceTree = "<group>"; };
		BD2EF53D2BB86EE600C1D53B /* TabBarViewController.swift */ = {isa = PBXFileReference; lastKnownFileType = sourcecode.swift; path = TabBarViewController.swift; sourceTree = "<group>"; };
		BD2EF53F2BB9BF5200C1D53B /* Extensions.swift */ = {isa = PBXFileReference; lastKnownFileType = sourcecode.swift; name = Extensions.swift; path = ../../../../../Documents/Extensions.swift; sourceTree = "<group>"; };
		BD42D84F2BC3FC8100167410 /* NewReleasesResponse.swift */ = {isa = PBXFileReference; lastKnownFileType = sourcecode.swift; path = NewReleasesResponse.swift; sourceTree = "<group>"; };
		BD42D8512BC3FE2300167410 /* APIImage.swift */ = {isa = PBXFileReference; lastKnownFileType = sourcecode.swift; path = APIImage.swift; sourceTree = "<group>"; };
		BD42D8532BC52D8600167410 /* FeaturedPlaylistsResponse.swift */ = {isa = PBXFileReference; lastKnownFileType = sourcecode.swift; path = FeaturedPlaylistsResponse.swift; sourceTree = "<group>"; };
		BD42D8552BC5412E00167410 /* RecommendedGenresResponse.swift */ = {isa = PBXFileReference; lastKnownFileType = sourcecode.swift; path = RecommendedGenresResponse.swift; sourceTree = "<group>"; };
		BD42D8572BC63CE200167410 /* RecommendationResponse.swift */ = {isa = PBXFileReference; lastKnownFileType = sourcecode.swift; path = RecommendationResponse.swift; sourceTree = "<group>"; };
		BD42D85A2BCAE0F800167410 /* NewReleaseCollectionViewCell.swift */ = {isa = PBXFileReference; lastKnownFileType = sourcecode.swift; path = NewReleaseCollectionViewCell.swift; sourceTree = "<group>"; };
		BD42D85C2BCAE11400167410 /* FeaturedPlaylistCollectionViewCell.swift */ = {isa = PBXFileReference; lastKnownFileType = sourcecode.swift; path = FeaturedPlaylistCollectionViewCell.swift; sourceTree = "<group>"; };
		BD42D85E2BCAE12300167410 /* RecommendedTrackCollectionViewCell.swift */ = {isa = PBXFileReference; lastKnownFileType = sourcecode.swift; path = RecommendedTrackCollectionViewCell.swift; sourceTree = "<group>"; };
		BD42D8602BCC276A00167410 /* NewReleasesCellViewModel.swift */ = {isa = PBXFileReference; lastKnownFileType = sourcecode.swift; path = NewReleasesCellViewModel.swift; sourceTree = "<group>"; };
		BD487E762BBABAC90064D8A3 /* AuthResponse.swift */ = {isa = PBXFileReference; lastKnownFileType = sourcecode.swift; path = AuthResponse.swift; sourceTree = "<group>"; };
		BD487E782BBE95D60064D8A3 /* SettingsModels.swift */ = {isa = PBXFileReference; lastKnownFileType = sourcecode.swift; path = SettingsModels.swift; sourceTree = "<group>"; };
		BD61BE512BB7291300176A40 /* CLSpotify.app */ = {isa = PBXFileReference; explicitFileType = wrapper.application; includeInIndex = 0; path = CLSpotify.app; sourceTree = BUILT_PRODUCTS_DIR; };
		BD61BE542BB7291300176A40 /* AppDelegate.swift */ = {isa = PBXFileReference; lastKnownFileType = sourcecode.swift; path = AppDelegate.swift; sourceTree = "<group>"; };
		BD61BE562BB7291300176A40 /* SceneDelegate.swift */ = {isa = PBXFileReference; lastKnownFileType = sourcecode.swift; path = SceneDelegate.swift; sourceTree = "<group>"; };
		BD61BE582BB7291300176A40 /* HomeViewController.swift */ = {isa = PBXFileReference; lastKnownFileType = sourcecode.swift; path = HomeViewController.swift; sourceTree = "<group>"; };
		BD61BE5D2BB7291700176A40 /* Assets.xcassets */ = {isa = PBXFileReference; lastKnownFileType = folder.assetcatalog; path = Assets.xcassets; sourceTree = "<group>"; };
		BD61BE602BB7291700176A40 /* Base */ = {isa = PBXFileReference; lastKnownFileType = file.storyboard; name = Base; path = Base.lproj/LaunchScreen.storyboard; sourceTree = "<group>"; };
		BD61BE622BB7291700176A40 /* Info.plist */ = {isa = PBXFileReference; lastKnownFileType = text.plist.xml; path = Info.plist; sourceTree = "<group>"; };
/* End PBXFileReference section */

/* Begin PBXFrameworksBuildPhase section */
		BD61BE4E2BB7291300176A40 /* Frameworks */ = {
			isa = PBXFrameworksBuildPhase;
			buildActionMask = 2147483647;
			files = (
				BD42D84E2BBEA49900167410 /* SDWebImageMapKit in Frameworks */,
				BD42D8272BBEA45300167410 /* FirebaseDatabase in Frameworks */,
				BD42D8352BBEA45300167410 /* FirebaseFunctionsCombine-Community in Frameworks */,
				BD42D82D2BBEA45300167410 /* FirebaseFirestore in Frameworks */,
				BD42D8192BBEA45300167410 /* FirebaseAnalyticsSwift in Frameworks */,
				BD42D8152BBEA45300167410 /* FirebaseAnalytics in Frameworks */,
				BD42D8172BBEA45300167410 /* FirebaseAnalyticsOnDeviceConversion in Frameworks */,
				BD42D83D2BBEA45300167410 /* FirebaseMLModelDownloader in Frameworks */,
				BD42D8312BBEA45300167410 /* FirebaseFirestoreSwift in Frameworks */,
				BD42D81D2BBEA45300167410 /* FirebaseAppCheck in Frameworks */,
				BD42D81B2BBEA45300167410 /* FirebaseAnalyticsWithoutAdIdSupport in Frameworks */,
				BD42D84C2BBEA49900167410 /* SDWebImage in Frameworks */,
				BD42D8212BBEA45300167410 /* FirebaseAuth in Frameworks */,
				BD42D8252BBEA45300167410 /* FirebaseCrashlytics in Frameworks */,
				BD42D8452BBEA45300167410 /* FirebaseRemoteConfigSwift in Frameworks */,
				BD42D8372BBEA45300167410 /* FirebaseInAppMessaging-Beta in Frameworks */,
				BD42D8292BBEA45300167410 /* FirebaseDatabaseSwift in Frameworks */,
				BD42D8332BBEA45300167410 /* FirebaseFunctions in Frameworks */,
				BD42D8492BBEA45300167410 /* FirebaseStorageCombine-Community in Frameworks */,
				BD42D8432BBEA45300167410 /* FirebaseRemoteConfig in Frameworks */,
				BD42D81F2BBEA45300167410 /* FirebaseAppDistribution-Beta in Frameworks */,
				BD42D8232BBEA45300167410 /* FirebaseAuthCombine-Community in Frameworks */,
				BD42D8412BBEA45300167410 /* FirebasePerformance in Frameworks */,
				BD42D8392BBEA45300167410 /* FirebaseInAppMessagingSwift-Beta in Frameworks */,
				BD42D8472BBEA45300167410 /* FirebaseStorage in Frameworks */,
				BD42D82B2BBEA45300167410 /* FirebaseDynamicLinks in Frameworks */,
				BD42D82F2BBEA45300167410 /* FirebaseFirestoreCombine-Community in Frameworks */,
				BD42D83F2BBEA45300167410 /* FirebaseMessaging in Frameworks */,
				BD42D83B2BBEA45300167410 /* FirebaseInstallations in Frameworks */,
			);
			runOnlyForDeploymentPostprocessing = 0;
		};
/* End PBXFrameworksBuildPhase section */

/* Begin PBXGroup section */
		BD2EF51E2BB86D5D00C1D53B /* Core */ = {
			isa = PBXGroup;
			children = (
				BD2EF53D2BB86EE600C1D53B /* TabBarViewController.swift */,
				BD61BE582BB7291300176A40 /* HomeViewController.swift */,
				BD2EF51A2BB86D2100C1D53B /* SearchViewController.swift */,
				BD2EF51C2BB86D4500C1D53B /* LibraryViewController.swift */,
			);
			path = Core;
			sourceTree = "<group>";
		};
		BD2EF51F2BB86D6B00C1D53B /* Other */ = {
			isa = PBXGroup;
			children = (
				BD2EF5212BB86D8700C1D53B /* AuthViewController.swift */,
				BD2EF5232BB86D9500C1D53B /* WelcomeViewController.swift */,
				BD2EF5252BB86D9F00C1D53B /* SettingViewController.swift */,
				BD2EF5272BB86DAA00C1D53B /* ProfileViewController.swift */,
				BD2EF5292BB86DC100C1D53B /* PlayerViewController.swift */,
				BD2EF52B2BB86DD400C1D53B /* PlaylistViewController.swift */,
				BD2EF52D2BB86DE000C1D53B /* SearchResultsViewController.swift */,
				BD17358B2BD10E2100ABF49F /* AlbumViewController.swift */,
			);
			path = Other;
			sourceTree = "<group>";
		};
		BD42D8592BCAE0C200167410 /* Browse */ = {
			isa = PBXGroup;
			children = (
				BD42D85A2BCAE0F800167410 /* NewReleaseCollectionViewCell.swift */,
				BD42D85C2BCAE11400167410 /* FeaturedPlaylistCollectionViewCell.swift */,
				BD42D85E2BCAE12300167410 /* RecommendedTrackCollectionViewCell.swift */,
				BD1735972BD8B3C400ABF49F /* AlbumTrackCollectionViewCell.swift */,
			);
			path = Browse;
			sourceTree = "<group>";
		};
		BD61BE482BB7291300176A40 = {
			isa = PBXGroup;
			children = (
				BD61BE532BB7291300176A40 /* CLSpotify */,
				BD61BE522BB7291300176A40 /* Products */,
			);
			sourceTree = "<group>";
		};
		BD61BE522BB7291300176A40 /* Products */ = {
			isa = PBXGroup;
			children = (
				BD61BE512BB7291300176A40 /* CLSpotify.app */,
			);
			name = Products;
			sourceTree = "<group>";
		};
		BD61BE532BB7291300176A40 /* CLSpotify */ = {
			isa = PBXGroup;
			children = (
				BD61BE6C2BB866F000176A40 /* Resourcess */,
				BD61BE6B2BB866E700176A40 /* Managers */,
				BD61BE6A2BB866D600176A40 /* ViewModels */,
				BD61BE692BB866CD00176A40 /* Models */,
				BD61BE682BB866C100176A40 /* Views */,
				BD61BE6D2BB8671A00176A40 /* Controllers */,
				BD61BE622BB7291700176A40 /* Info.plist */,
			);
			path = CLSpotify;
			sourceTree = "<group>";
		};
		BD61BE682BB866C100176A40 /* Views */ = {
			isa = PBXGroup;
			children = (
				BD42D8592BCAE0C200167410 /* Browse */,
				BD61BE5F2BB7291700176A40 /* LaunchScreen.storyboard */,
				BD1735912BD415F400ABF49F /* PlaylistHeaderCollectionReusableView.swift */,
				BD1735952BD793C600ABF49F /* TitleHeaderCollectionReusableView.swift */,
			);
			path = Views;
			sourceTree = "<group>";
		};
		BD61BE692BB866CD00176A40 /* Models */ = {
			isa = PBXGroup;
			children = (
				BD2EF5352BB86E2700C1D53B /* Playlist.swift */,
				BD2EF5372BB86E3500C1D53B /* AudioTrack.swift */,
				BD2EF5392BB86E3E00C1D53B /* Artist.swift */,
				BD2EF53B2BB86E4B00C1D53B /* UserProfile.swift */,
				BD487E762BBABAC90064D8A3 /* AuthResponse.swift */,
				BD487E782BBE95D60064D8A3 /* SettingsModels.swift */,
				BD42D84F2BC3FC8100167410 /* NewReleasesResponse.swift */,
				BD42D8512BC3FE2300167410 /* APIImage.swift */,
				BD42D8532BC52D8600167410 /* FeaturedPlaylistsResponse.swift */,
				BD42D8552BC5412E00167410 /* RecommendedGenresResponse.swift */,
				BD42D8572BC63CE200167410 /* RecommendationResponse.swift */,
				BD17358D2BD25D7800ABF49F /* AlbumDetailsResponse.swift */,
				BD17358F2BD264E000ABF49F /* PlaylistdetailsResponse.swift */,
			);
			path = Models;
			sourceTree = "<group>";
		};
		BD61BE6A2BB866D600176A40 /* ViewModels */ = {
			isa = PBXGroup;
			children = (
				BD42D8602BCC276A00167410 /* NewReleasesCellViewModel.swift */,
				BD1735872BCEC61500ABF49F /* FeaturedPlaylistCellViewModel.swift */,
				BD1735892BCEC97700ABF49F /* RecommendedTrackCellViewModel.swift */,
				BD1735932BD41A6F00ABF49F /* PlaylistHeaderViewViewModel.swift */,
				BD1735992BD8B4FD00ABF49F /* AlbumCollectionViewCellViewModel.swift */,
			);
			path = ViewModels;
			sourceTree = "<group>";
		};
		BD61BE6B2BB866E700176A40 /* Managers */ = {
			isa = PBXGroup;
			children = (
				BD2EF52F2BB86DF000C1D53B /* AuthManager.swift */,
				BD2EF5312BB86E0200C1D53B /* APICaller.swift */,
				BD2EF5332BB86E1200C1D53B /* HapitcsManager.swift */,
			);
			path = Managers;
			sourceTree = "<group>";
		};
		BD61BE6C2BB866F000176A40 /* Resourcess */ = {
			isa = PBXGroup;
			children = (
				BD61BE5D2BB7291700176A40 /* Assets.xcassets */,
				BD61BE542BB7291300176A40 /* AppDelegate.swift */,
				BD61BE562BB7291300176A40 /* SceneDelegate.swift */,
				BD2EF53F2BB9BF5200C1D53B /* Extensions.swift */,
			);
			path = Resourcess;
			sourceTree = "<group>";
		};
		BD61BE6D2BB8671A00176A40 /* Controllers */ = {
			isa = PBXGroup;
			children = (
				BD2EF51F2BB86D6B00C1D53B /* Other */,
				BD2EF51E2BB86D5D00C1D53B /* Core */,
			);
			path = Controllers;
			sourceTree = "<group>";
		};
/* End PBXGroup section */

/* Begin PBXNativeTarget section */
		BD61BE502BB7291300176A40 /* CLSpotify */ = {
			isa = PBXNativeTarget;
			buildConfigurationList = BD61BE652BB7291700176A40 /* Build configuration list for PBXNativeTarget "CLSpotify" */;
			buildPhases = (
				BD61BE4D2BB7291300176A40 /* Sources */,
				BD61BE4E2BB7291300176A40 /* Frameworks */,
				BD61BE4F2BB7291300176A40 /* Resources */,
			);
			buildRules = (
			);
			dependencies = (
			);
			name = CLSpotify;
			packageProductDependencies = (
				BD42D8142BBEA45300167410 /* FirebaseAnalytics */,
				BD42D8162BBEA45300167410 /* FirebaseAnalyticsOnDeviceConversion */,
				BD42D8182BBEA45300167410 /* FirebaseAnalyticsSwift */,
				BD42D81A2BBEA45300167410 /* FirebaseAnalyticsWithoutAdIdSupport */,
				BD42D81C2BBEA45300167410 /* FirebaseAppCheck */,
				BD42D81E2BBEA45300167410 /* FirebaseAppDistribution-Beta */,
				BD42D8202BBEA45300167410 /* FirebaseAuth */,
				BD42D8222BBEA45300167410 /* FirebaseAuthCombine-Community */,
				BD42D8242BBEA45300167410 /* FirebaseCrashlytics */,
				BD42D8262BBEA45300167410 /* FirebaseDatabase */,
				BD42D8282BBEA45300167410 /* FirebaseDatabaseSwift */,
				BD42D82A2BBEA45300167410 /* FirebaseDynamicLinks */,
				BD42D82C2BBEA45300167410 /* FirebaseFirestore */,
				BD42D82E2BBEA45300167410 /* FirebaseFirestoreCombine-Community */,
				BD42D8302BBEA45300167410 /* FirebaseFirestoreSwift */,
				BD42D8322BBEA45300167410 /* FirebaseFunctions */,
				BD42D8342BBEA45300167410 /* FirebaseFunctionsCombine-Community */,
				BD42D8362BBEA45300167410 /* FirebaseInAppMessaging-Beta */,
				BD42D8382BBEA45300167410 /* FirebaseInAppMessagingSwift-Beta */,
				BD42D83A2BBEA45300167410 /* FirebaseInstallations */,
				BD42D83C2BBEA45300167410 /* FirebaseMLModelDownloader */,
				BD42D83E2BBEA45300167410 /* FirebaseMessaging */,
				BD42D8402BBEA45300167410 /* FirebasePerformance */,
				BD42D8422BBEA45300167410 /* FirebaseRemoteConfig */,
				BD42D8442BBEA45300167410 /* FirebaseRemoteConfigSwift */,
				BD42D8462BBEA45300167410 /* FirebaseStorage */,
				BD42D8482BBEA45300167410 /* FirebaseStorageCombine-Community */,
				BD42D84B2BBEA49900167410 /* SDWebImage */,
				BD42D84D2BBEA49900167410 /* SDWebImageMapKit */,
			);
			productName = CLSpotify;
			productReference = BD61BE512BB7291300176A40 /* CLSpotify.app */;
			productType = "com.apple.product-type.application";
		};
/* End PBXNativeTarget section */

/* Begin PBXProject section */
		BD61BE492BB7291300176A40 /* Project object */ = {
			isa = PBXProject;
			attributes = {
				BuildIndependentTargetsInParallel = 1;
				LastSwiftUpdateCheck = 1510;
				LastUpgradeCheck = 1510;
				TargetAttributes = {
					BD61BE502BB7291300176A40 = {
						CreatedOnToolsVersion = 15.1;
					};
				};
			};
			buildConfigurationList = BD61BE4C2BB7291300176A40 /* Build configuration list for PBXProject "CLSpotify" */;
			compatibilityVersion = "Xcode 14.0";
			developmentRegion = en;
			hasScannedForEncodings = 0;
			knownRegions = (
				en,
				Base,
			);
			mainGroup = BD61BE482BB7291300176A40;
			packageReferences = (
				BD42D8132BBEA45300167410 /* XCRemoteSwiftPackageReference "firebase-ios-sdk" */,
				BD42D84A2BBEA49900167410 /* XCRemoteSwiftPackageReference "SDWebImage" */,
			);
			productRefGroup = BD61BE522BB7291300176A40 /* Products */;
			projectDirPath = "";
			projectRoot = "";
			targets = (
				BD61BE502BB7291300176A40 /* CLSpotify */,
			);
		};
/* End PBXProject section */

/* Begin PBXResourcesBuildPhase section */
		BD61BE4F2BB7291300176A40 /* Resources */ = {
			isa = PBXResourcesBuildPhase;
			buildActionMask = 2147483647;
			files = (
				BD61BE612BB7291700176A40 /* LaunchScreen.storyboard in Resources */,
				BD61BE5E2BB7291700176A40 /* Assets.xcassets in Resources */,
			);
			runOnlyForDeploymentPostprocessing = 0;
		};
/* End PBXResourcesBuildPhase section */

/* Begin PBXSourcesBuildPhase section */
		BD61BE4D2BB7291300176A40 /* Sources */ = {
			isa = PBXSourcesBuildPhase;
			buildActionMask = 2147483647;
			files = (
				BD2EF51B2BB86D2100C1D53B /* SearchViewController.swift in Sources */,
				BD2EF5362BB86E2700C1D53B /* Playlist.swift in Sources */,
				BD2EF5302BB86DF000C1D53B /* AuthManager.swift in Sources */,
				BD17358E2BD25D7800ABF49F /* AlbumDetailsResponse.swift in Sources */,
				BD42D8612BCC276A00167410 /* NewReleasesCellViewModel.swift in Sources */,
				BD17359A2BD8B4FD00ABF49F /* AlbumCollectionViewCellViewModel.swift in Sources */,
				BD17358A2BCEC97700ABF49F /* RecommendedTrackCellViewModel.swift in Sources */,
				BD2EF52E2BB86DE000C1D53B /* SearchResultsViewController.swift in Sources */,
				BD1735962BD793C600ABF49F /* TitleHeaderCollectionReusableView.swift in Sources */,
				BD17358C2BD10E2100ABF49F /* AlbumViewController.swift in Sources */,
				BD1735942BD41A6F00ABF49F /* PlaylistHeaderViewViewModel.swift in Sources */,
				BD1735882BCEC61500ABF49F /* FeaturedPlaylistCellViewModel.swift in Sources */,
				BD2EF53E2BB86EE600C1D53B /* TabBarViewController.swift in Sources */,
				BD2EF5242BB86D9500C1D53B /* WelcomeViewController.swift in Sources */,
				BD2EF5282BB86DAA00C1D53B /* ProfileViewController.swift in Sources */,
				BD42D8582BC63CE200167410 /* RecommendationResponse.swift in Sources */,
				BD42D85F2BCAE12300167410 /* RecommendedTrackCollectionViewCell.swift in Sources */,
				BD61BE592BB7291300176A40 /* HomeViewController.swift in Sources */,
				BD487E772BBABAC90064D8A3 /* AuthResponse.swift in Sources */,
				BD42D8502BC3FC8100167410 /* NewReleasesResponse.swift in Sources */,
				BD1735982BD8B3C400ABF49F /* AlbumTrackCollectionViewCell.swift in Sources */,
				BD42D8522BC3FE2300167410 /* APIImage.swift in Sources */,
				BD2EF5342BB86E1200C1D53B /* HapitcsManager.swift in Sources */,
				BD2EF5382BB86E3500C1D53B /* AudioTrack.swift in Sources */,
				BD42D85B2BCAE0F800167410 /* NewReleaseCollectionViewCell.swift in Sources */,
				BD61BE552BB7291300176A40 /* AppDelegate.swift in Sources */,
				BD42D85D2BCAE11400167410 /* FeaturedPlaylistCollectionViewCell.swift in Sources */,
				BD2EF5222BB86D8700C1D53B /* AuthViewController.swift in Sources */,
				BD2EF5262BB86D9F00C1D53B /* SettingViewController.swift in Sources */,
				BD2EF5402BB9BF5200C1D53B /* Extensions.swift in Sources */,
				BD1735922BD415F400ABF49F /* PlaylistHeaderCollectionReusableView.swift in Sources */,
				BD2EF53C2BB86E4B00C1D53B /* UserProfile.swift in Sources */,
				BD61BE572BB7291300176A40 /* SceneDelegate.swift in Sources */,
				BD487E792BBE95D60064D8A3 /* SettingsModels.swift in Sources */,
				BD2EF53A2BB86E3E00C1D53B /* Artist.swift in Sources */,
				BD2EF52C2BB86DD400C1D53B /* PlaylistViewController.swift in Sources */,
				BD2EF51D2BB86D4500C1D53B /* LibraryViewController.swift in Sources */,
				BD1735902BD264E000ABF49F /* PlaylistdetailsResponse.swift in Sources */,
				BD2EF52A2BB86DC100C1D53B /* PlayerViewController.swift in Sources */,
				BD42D8542BC52D8600167410 /* FeaturedPlaylistsResponse.swift in Sources */,
				BD2EF5322BB86E0200C1D53B /* APICaller.swift in Sources */,
				BD42D8562BC5412E00167410 /* RecommendedGenresResponse.swift in Sources */,
			);
			runOnlyForDeploymentPostprocessing = 0;
		};
/* End PBXSourcesBuildPhase section */

/* Begin PBXVariantGroup section */
		BD61BE5F2BB7291700176A40 /* LaunchScreen.storyboard */ = {
			isa = PBXVariantGroup;
			children = (
				BD61BE602BB7291700176A40 /* Base */,
			);
			name = LaunchScreen.storyboard;
			sourceTree = "<group>";
		};
/* End PBXVariantGroup section */

/* Begin XCBuildConfiguration section */
		BD61BE632BB7291700176A40 /* Debug */ = {
			isa = XCBuildConfiguration;
			buildSettings = {
				ALWAYS_SEARCH_USER_PATHS = NO;
				ASSETCATALOG_COMPILER_GENERATE_SWIFT_ASSET_SYMBOL_EXTENSIONS = YES;
				CLANG_ANALYZER_NONNULL = YES;
				CLANG_ANALYZER_NUMBER_OBJECT_CONVERSION = YES_AGGRESSIVE;
				CLANG_CXX_LANGUAGE_STANDARD = "gnu++20";
				CLANG_ENABLE_MODULES = YES;
				CLANG_ENABLE_OBJC_ARC = YES;
				CLANG_ENABLE_OBJC_WEAK = YES;
				CLANG_WARN_BLOCK_CAPTURE_AUTORELEASING = YES;
				CLANG_WARN_BOOL_CONVERSION = YES;
				CLANG_WARN_COMMA = YES;
				CLANG_WARN_CONSTANT_CONVERSION = YES;
				CLANG_WARN_DEPRECATED_OBJC_IMPLEMENTATIONS = YES;
				CLANG_WARN_DIRECT_OBJC_ISA_USAGE = YES_ERROR;
				CLANG_WARN_DOCUMENTATION_COMMENTS = YES;
				CLANG_WARN_EMPTY_BODY = YES;
				CLANG_WARN_ENUM_CONVERSION = YES;
				CLANG_WARN_INFINITE_RECURSION = YES;
				CLANG_WARN_INT_CONVERSION = YES;
				CLANG_WARN_NON_LITERAL_NULL_CONVERSION = YES;
				CLANG_WARN_OBJC_IMPLICIT_RETAIN_SELF = YES;
				CLANG_WARN_OBJC_LITERAL_CONVERSION = YES;
				CLANG_WARN_OBJC_ROOT_CLASS = YES_ERROR;
				CLANG_WARN_QUOTED_INCLUDE_IN_FRAMEWORK_HEADER = YES;
				CLANG_WARN_RANGE_LOOP_ANALYSIS = YES;
				CLANG_WARN_STRICT_PROTOTYPES = YES;
				CLANG_WARN_SUSPICIOUS_MOVE = YES;
				CLANG_WARN_UNGUARDED_AVAILABILITY = YES_AGGRESSIVE;
				CLANG_WARN_UNREACHABLE_CODE = YES;
				CLANG_WARN__DUPLICATE_METHOD_MATCH = YES;
				COPY_PHASE_STRIP = NO;
				DEBUG_INFORMATION_FORMAT = dwarf;
				ENABLE_STRICT_OBJC_MSGSEND = YES;
				ENABLE_TESTABILITY = YES;
				ENABLE_USER_SCRIPT_SANDBOXING = YES;
				GCC_C_LANGUAGE_STANDARD = gnu17;
				GCC_DYNAMIC_NO_PIC = NO;
				GCC_NO_COMMON_BLOCKS = YES;
				GCC_OPTIMIZATION_LEVEL = 0;
				GCC_PREPROCESSOR_DEFINITIONS = (
					"DEBUG=1",
					"$(inherited)",
				);
				GCC_WARN_64_TO_32_BIT_CONVERSION = YES;
				GCC_WARN_ABOUT_RETURN_TYPE = YES_ERROR;
				GCC_WARN_UNDECLARED_SELECTOR = YES;
				GCC_WARN_UNINITIALIZED_AUTOS = YES_AGGRESSIVE;
				GCC_WARN_UNUSED_FUNCTION = YES;
				GCC_WARN_UNUSED_VARIABLE = YES;
				IPHONEOS_DEPLOYMENT_TARGET = 16.0;
				LOCALIZATION_PREFERS_STRING_CATALOGS = YES;
				MTL_ENABLE_DEBUG_INFO = INCLUDE_SOURCE;
				MTL_FAST_MATH = YES;
				ONLY_ACTIVE_ARCH = YES;
				SDKROOT = iphoneos;
				SWIFT_ACTIVE_COMPILATION_CONDITIONS = "DEBUG $(inherited)";
				SWIFT_OPTIMIZATION_LEVEL = "-Onone";
			};
			name = Debug;
		};
		BD61BE642BB7291700176A40 /* Release */ = {
			isa = XCBuildConfiguration;
			buildSettings = {
				ALWAYS_SEARCH_USER_PATHS = NO;
				ASSETCATALOG_COMPILER_GENERATE_SWIFT_ASSET_SYMBOL_EXTENSIONS = YES;
				CLANG_ANALYZER_NONNULL = YES;
				CLANG_ANALYZER_NUMBER_OBJECT_CONVERSION = YES_AGGRESSIVE;
				CLANG_CXX_LANGUAGE_STANDARD = "gnu++20";
				CLANG_ENABLE_MODULES = YES;
				CLANG_ENABLE_OBJC_ARC = YES;
				CLANG_ENABLE_OBJC_WEAK = YES;
				CLANG_WARN_BLOCK_CAPTURE_AUTORELEASING = YES;
				CLANG_WARN_BOOL_CONVERSION = YES;
				CLANG_WARN_COMMA = YES;
				CLANG_WARN_CONSTANT_CONVERSION = YES;
				CLANG_WARN_DEPRECATED_OBJC_IMPLEMENTATIONS = YES;
				CLANG_WARN_DIRECT_OBJC_ISA_USAGE = YES_ERROR;
				CLANG_WARN_DOCUMENTATION_COMMENTS = YES;
				CLANG_WARN_EMPTY_BODY = YES;
				CLANG_WARN_ENUM_CONVERSION = YES;
				CLANG_WARN_INFINITE_RECURSION = YES;
				CLANG_WARN_INT_CONVERSION = YES;
				CLANG_WARN_NON_LITERAL_NULL_CONVERSION = YES;
				CLANG_WARN_OBJC_IMPLICIT_RETAIN_SELF = YES;
				CLANG_WARN_OBJC_LITERAL_CONVERSION = YES;
				CLANG_WARN_OBJC_ROOT_CLASS = YES_ERROR;
				CLANG_WARN_QUOTED_INCLUDE_IN_FRAMEWORK_HEADER = YES;
				CLANG_WARN_RANGE_LOOP_ANALYSIS = YES;
				CLANG_WARN_STRICT_PROTOTYPES = YES;
				CLANG_WARN_SUSPICIOUS_MOVE = YES;
				CLANG_WARN_UNGUARDED_AVAILABILITY = YES_AGGRESSIVE;
				CLANG_WARN_UNREACHABLE_CODE = YES;
				CLANG_WARN__DUPLICATE_METHOD_MATCH = YES;
				COPY_PHASE_STRIP = NO;
				DEBUG_INFORMATION_FORMAT = "dwarf-with-dsym";
				ENABLE_NS_ASSERTIONS = NO;
				ENABLE_STRICT_OBJC_MSGSEND = YES;
				ENABLE_USER_SCRIPT_SANDBOXING = YES;
				GCC_C_LANGUAGE_STANDARD = gnu17;
				GCC_NO_COMMON_BLOCKS = YES;
				GCC_WARN_64_TO_32_BIT_CONVERSION = YES;
				GCC_WARN_ABOUT_RETURN_TYPE = YES_ERROR;
				GCC_WARN_UNDECLARED_SELECTOR = YES;
				GCC_WARN_UNINITIALIZED_AUTOS = YES_AGGRESSIVE;
				GCC_WARN_UNUSED_FUNCTION = YES;
				GCC_WARN_UNUSED_VARIABLE = YES;
				IPHONEOS_DEPLOYMENT_TARGET = 16.0;
				LOCALIZATION_PREFERS_STRING_CATALOGS = YES;
				MTL_ENABLE_DEBUG_INFO = NO;
				MTL_FAST_MATH = YES;
				SDKROOT = iphoneos;
				SWIFT_COMPILATION_MODE = wholemodule;
				VALIDATE_PRODUCT = YES;
			};
			name = Release;
		};
		BD61BE662BB7291700176A40 /* Debug */ = {
			isa = XCBuildConfiguration;
			buildSettings = {
				ASSETCATALOG_COMPILER_APPICON_NAME = AppIcon;
				ASSETCATALOG_COMPILER_GLOBAL_ACCENT_COLOR_NAME = AccentColor;
				CODE_SIGN_STYLE = Automatic;
				CURRENT_PROJECT_VERSION = 1;
				DEVELOPMENT_TEAM = LRG9286UQ5;
				GENERATE_INFOPLIST_FILE = YES;
				INFOPLIST_FILE = CLSpotify/Info.plist;
				INFOPLIST_KEY_UIApplicationSupportsIndirectInputEvents = YES;
				INFOPLIST_KEY_UILaunchStoryboardName = LaunchScreen;
				INFOPLIST_KEY_UISupportedInterfaceOrientations_iPad = "UIInterfaceOrientationPortrait UIInterfaceOrientationPortraitUpsideDown UIInterfaceOrientationLandscapeLeft UIInterfaceOrientationLandscapeRight";
				INFOPLIST_KEY_UISupportedInterfaceOrientations_iPhone = "UIInterfaceOrientationPortrait UIInterfaceOrientationLandscapeLeft UIInterfaceOrientationLandscapeRight";
				LD_RUNPATH_SEARCH_PATHS = (
					"$(inherited)",
					"@executable_path/Frameworks",
				);
				MARKETING_VERSION = 1.0;
				PRODUCT_BUNDLE_IDENTIFIER = io.chenglu.CLSpotify;
				PRODUCT_NAME = "$(TARGET_NAME)";
				SWIFT_EMIT_LOC_STRINGS = YES;
				SWIFT_VERSION = 5.0;
				TARGETED_DEVICE_FAMILY = "1,2";
			};
			name = Debug;
		};
		BD61BE672BB7291700176A40 /* Release */ = {
			isa = XCBuildConfiguration;
			buildSettings = {
				ASSETCATALOG_COMPILER_APPICON_NAME = AppIcon;
				ASSETCATALOG_COMPILER_GLOBAL_ACCENT_COLOR_NAME = AccentColor;
				CODE_SIGN_STYLE = Automatic;
				CURRENT_PROJECT_VERSION = 1;
				DEVELOPMENT_TEAM = LRG9286UQ5;
				GENERATE_INFOPLIST_FILE = YES;
				INFOPLIST_FILE = CLSpotify/Info.plist;
				INFOPLIST_KEY_UIApplicationSupportsIndirectInputEvents = YES;
				INFOPLIST_KEY_UILaunchStoryboardName = LaunchScreen;
				INFOPLIST_KEY_UISupportedInterfaceOrientations_iPad = "UIInterfaceOrientationPortrait UIInterfaceOrientationPortraitUpsideDown UIInterfaceOrientationLandscapeLeft UIInterfaceOrientationLandscapeRight";
				INFOPLIST_KEY_UISupportedInterfaceOrientations_iPhone = "UIInterfaceOrientationPortrait UIInterfaceOrientationLandscapeLeft UIInterfaceOrientationLandscapeRight";
				LD_RUNPATH_SEARCH_PATHS = (
					"$(inherited)",
					"@executable_path/Frameworks",
				);
				MARKETING_VERSION = 1.0;
				PRODUCT_BUNDLE_IDENTIFIER = io.chenglu.CLSpotify;
				PRODUCT_NAME = "$(TARGET_NAME)";
				SWIFT_EMIT_LOC_STRINGS = YES;
				SWIFT_VERSION = 5.0;
				TARGETED_DEVICE_FAMILY = "1,2";
			};
			name = Release;
		};
/* End XCBuildConfiguration section */

/* Begin XCConfigurationList section */
		BD61BE4C2BB7291300176A40 /* Build configuration list for PBXProject "CLSpotify" */ = {
			isa = XCConfigurationList;
			buildConfigurations = (
				BD61BE632BB7291700176A40 /* Debug */,
				BD61BE642BB7291700176A40 /* Release */,
			);
			defaultConfigurationIsVisible = 0;
			defaultConfigurationName = Release;
		};
		BD61BE652BB7291700176A40 /* Build configuration list for PBXNativeTarget "CLSpotify" */ = {
			isa = XCConfigurationList;
			buildConfigurations = (
				BD61BE662BB7291700176A40 /* Debug */,
				BD61BE672BB7291700176A40 /* Release */,
			);
			defaultConfigurationIsVisible = 0;
			defaultConfigurationName = Release;
		};
/* End XCConfigurationList section */

/* Begin XCRemoteSwiftPackageReference section */
		BD42D8132BBEA45300167410 /* XCRemoteSwiftPackageReference "firebase-ios-sdk" */ = {
			isa = XCRemoteSwiftPackageReference;
			repositoryURL = "https://github.com/firebase/firebase-ios-sdk.git";
			requirement = {
				kind = upToNextMajorVersion;
				minimumVersion = 10.23.1;
			};
		};
		BD42D84A2BBEA49900167410 /* XCRemoteSwiftPackageReference "SDWebImage" */ = {
			isa = XCRemoteSwiftPackageReference;
			repositoryURL = "https://github.com/SDWebImage/SDWebImage.git";
			requirement = {
				kind = upToNextMajorVersion;
				minimumVersion = 5.19.1;
			};
		};
/* End XCRemoteSwiftPackageReference section */

/* Begin XCSwiftPackageProductDependency section */
		BD42D8142BBEA45300167410 /* FirebaseAnalytics */ = {
			isa = XCSwiftPackageProductDependency;
			package = BD42D8132BBEA45300167410 /* XCRemoteSwiftPackageReference "firebase-ios-sdk" */;
			productName = FirebaseAnalytics;
		};
		BD42D8162BBEA45300167410 /* FirebaseAnalyticsOnDeviceConversion */ = {
			isa = XCSwiftPackageProductDependency;
			package = BD42D8132BBEA45300167410 /* XCRemoteSwiftPackageReference "firebase-ios-sdk" */;
			productName = FirebaseAnalyticsOnDeviceConversion;
		};
		BD42D8182BBEA45300167410 /* FirebaseAnalyticsSwift */ = {
			isa = XCSwiftPackageProductDependency;
			package = BD42D8132BBEA45300167410 /* XCRemoteSwiftPackageReference "firebase-ios-sdk" */;
			productName = FirebaseAnalyticsSwift;
		};
		BD42D81A2BBEA45300167410 /* FirebaseAnalyticsWithoutAdIdSupport */ = {
			isa = XCSwiftPackageProductDependency;
			package = BD42D8132BBEA45300167410 /* XCRemoteSwiftPackageReference "firebase-ios-sdk" */;
			productName = FirebaseAnalyticsWithoutAdIdSupport;
		};
		BD42D81C2BBEA45300167410 /* FirebaseAppCheck */ = {
			isa = XCSwiftPackageProductDependency;
			package = BD42D8132BBEA45300167410 /* XCRemoteSwiftPackageReference "firebase-ios-sdk" */;
			productName = FirebaseAppCheck;
		};
		BD42D81E2BBEA45300167410 /* FirebaseAppDistribution-Beta */ = {
			isa = XCSwiftPackageProductDependency;
			package = BD42D8132BBEA45300167410 /* XCRemoteSwiftPackageReference "firebase-ios-sdk" */;
			productName = "FirebaseAppDistribution-Beta";
		};
		BD42D8202BBEA45300167410 /* FirebaseAuth */ = {
			isa = XCSwiftPackageProductDependency;
			package = BD42D8132BBEA45300167410 /* XCRemoteSwiftPackageReference "firebase-ios-sdk" */;
			productName = FirebaseAuth;
		};
		BD42D8222BBEA45300167410 /* FirebaseAuthCombine-Community */ = {
			isa = XCSwiftPackageProductDependency;
			package = BD42D8132BBEA45300167410 /* XCRemoteSwiftPackageReference "firebase-ios-sdk" */;
			productName = "FirebaseAuthCombine-Community";
		};
		BD42D8242BBEA45300167410 /* FirebaseCrashlytics */ = {
			isa = XCSwiftPackageProductDependency;
			package = BD42D8132BBEA45300167410 /* XCRemoteSwiftPackageReference "firebase-ios-sdk" */;
			productName = FirebaseCrashlytics;
		};
		BD42D8262BBEA45300167410 /* FirebaseDatabase */ = {
			isa = XCSwiftPackageProductDependency;
			package = BD42D8132BBEA45300167410 /* XCRemoteSwiftPackageReference "firebase-ios-sdk" */;
			productName = FirebaseDatabase;
		};
		BD42D8282BBEA45300167410 /* FirebaseDatabaseSwift */ = {
			isa = XCSwiftPackageProductDependency;
			package = BD42D8132BBEA45300167410 /* XCRemoteSwiftPackageReference "firebase-ios-sdk" */;
			productName = FirebaseDatabaseSwift;
		};
		BD42D82A2BBEA45300167410 /* FirebaseDynamicLinks */ = {
			isa = XCSwiftPackageProductDependency;
			package = BD42D8132BBEA45300167410 /* XCRemoteSwiftPackageReference "firebase-ios-sdk" */;
			productName = FirebaseDynamicLinks;
		};
		BD42D82C2BBEA45300167410 /* FirebaseFirestore */ = {
			isa = XCSwiftPackageProductDependency;
			package = BD42D8132BBEA45300167410 /* XCRemoteSwiftPackageReference "firebase-ios-sdk" */;
			productName = FirebaseFirestore;
		};
		BD42D82E2BBEA45300167410 /* FirebaseFirestoreCombine-Community */ = {
			isa = XCSwiftPackageProductDependency;
			package = BD42D8132BBEA45300167410 /* XCRemoteSwiftPackageReference "firebase-ios-sdk" */;
			productName = "FirebaseFirestoreCombine-Community";
		};
		BD42D8302BBEA45300167410 /* FirebaseFirestoreSwift */ = {
			isa = XCSwiftPackageProductDependency;
			package = BD42D8132BBEA45300167410 /* XCRemoteSwiftPackageReference "firebase-ios-sdk" */;
			productName = FirebaseFirestoreSwift;
		};
		BD42D8322BBEA45300167410 /* FirebaseFunctions */ = {
			isa = XCSwiftPackageProductDependency;
			package = BD42D8132BBEA45300167410 /* XCRemoteSwiftPackageReference "firebase-ios-sdk" */;
			productName = FirebaseFunctions;
		};
		BD42D8342BBEA45300167410 /* FirebaseFunctionsCombine-Community */ = {
			isa = XCSwiftPackageProductDependency;
			package = BD42D8132BBEA45300167410 /* XCRemoteSwiftPackageReference "firebase-ios-sdk" */;
			productName = "FirebaseFunctionsCombine-Community";
		};
		BD42D8362BBEA45300167410 /* FirebaseInAppMessaging-Beta */ = {
			isa = XCSwiftPackageProductDependency;
			package = BD42D8132BBEA45300167410 /* XCRemoteSwiftPackageReference "firebase-ios-sdk" */;
			productName = "FirebaseInAppMessaging-Beta";
		};
		BD42D8382BBEA45300167410 /* FirebaseInAppMessagingSwift-Beta */ = {
			isa = XCSwiftPackageProductDependency;
			package = BD42D8132BBEA45300167410 /* XCRemoteSwiftPackageReference "firebase-ios-sdk" */;
			productName = "FirebaseInAppMessagingSwift-Beta";
		};
		BD42D83A2BBEA45300167410 /* FirebaseInstallations */ = {
			isa = XCSwiftPackageProductDependency;
			package = BD42D8132BBEA45300167410 /* XCRemoteSwiftPackageReference "firebase-ios-sdk" */;
			productName = FirebaseInstallations;
		};
		BD42D83C2BBEA45300167410 /* FirebaseMLModelDownloader */ = {
			isa = XCSwiftPackageProductDependency;
			package = BD42D8132BBEA45300167410 /* XCRemoteSwiftPackageReference "firebase-ios-sdk" */;
			productName = FirebaseMLModelDownloader;
		};
		BD42D83E2BBEA45300167410 /* FirebaseMessaging */ = {
			isa = XCSwiftPackageProductDependency;
			package = BD42D8132BBEA45300167410 /* XCRemoteSwiftPackageReference "firebase-ios-sdk" */;
			productName = FirebaseMessaging;
		};
		BD42D8402BBEA45300167410 /* FirebasePerformance */ = {
			isa = XCSwiftPackageProductDependency;
			package = BD42D8132BBEA45300167410 /* XCRemoteSwiftPackageReference "firebase-ios-sdk" */;
			productName = FirebasePerformance;
		};
		BD42D8422BBEA45300167410 /* FirebaseRemoteConfig */ = {
			isa = XCSwiftPackageProductDependency;
			package = BD42D8132BBEA45300167410 /* XCRemoteSwiftPackageReference "firebase-ios-sdk" */;
			productName = FirebaseRemoteConfig;
		};
		BD42D8442BBEA45300167410 /* FirebaseRemoteConfigSwift */ = {
			isa = XCSwiftPackageProductDependency;
			package = BD42D8132BBEA45300167410 /* XCRemoteSwiftPackageReference "firebase-ios-sdk" */;
			productName = FirebaseRemoteConfigSwift;
		};
		BD42D8462BBEA45300167410 /* FirebaseStorage */ = {
			isa = XCSwiftPackageProductDependency;
			package = BD42D8132BBEA45300167410 /* XCRemoteSwiftPackageReference "firebase-ios-sdk" */;
			productName = FirebaseStorage;
		};
		BD42D8482BBEA45300167410 /* FirebaseStorageCombine-Community */ = {
			isa = XCSwiftPackageProductDependency;
			package = BD42D8132BBEA45300167410 /* XCRemoteSwiftPackageReference "firebase-ios-sdk" */;
			productName = "FirebaseStorageCombine-Community";
		};
		BD42D84B2BBEA49900167410 /* SDWebImage */ = {
			isa = XCSwiftPackageProductDependency;
			package = BD42D84A2BBEA49900167410 /* XCRemoteSwiftPackageReference "SDWebImage" */;
			productName = SDWebImage;
		};
		BD42D84D2BBEA49900167410 /* SDWebImageMapKit */ = {
			isa = XCSwiftPackageProductDependency;
			package = BD42D84A2BBEA49900167410 /* XCRemoteSwiftPackageReference "SDWebImage" */;
			productName = SDWebImageMapKit;
		};
/* End XCSwiftPackageProductDependency section */
	};
	rootObject = BD61BE492BB7291300176A40 /* Project object */;
}
